
Microsoft Visual Studio Solution File, Format Version 11.00
# Visual Studio 2010
Project("{FAE04EC0-301F-11D3-BF4B-00C04F79EFBC}") = "DnDns.Android", "DnDns.Android\DnDns.Android.csproj", "{F930802F-193C-4388-820B-05AE90A1FB6A}"
EndProject
Project("{FAE04EC0-301F-11D3-BF4B-00C04F79EFBC}") = "DnDns.iOS", "DnDns.iOS\DnDns.iOS.csproj", "{6F68E3AD-B80E-4980-8476-7ADDFFFF6672}"
EndProject
Global
	GlobalSection(SolutionConfigurationPlatforms) = preSolution
		Debug|Any CPU = Debug|Any CPU
		Release|Any CPU = Release|Any CPU
	EndGlobalSection
	GlobalSection(ProjectConfigurationPlatforms) = postSolution
		{6F68E3AD-B80E-4980-8476-7ADDFFFF6672}.Debug|Any CPU.ActiveCfg = Debug|Any CPU
		{6F68E3AD-B80E-4980-8476-7ADDFFFF6672}.Debug|Any CPU.Build.0 = Debug|Any CPU
		{6F68E3AD-B80E-4980-8476-7ADDFFFF6672}.Release|Any CPU.ActiveCfg = Release|Any CPU
		{6F68E3AD-B80E-4980-8476-7ADDFFFF6672}.Release|Any CPU.Build.0 = Release|Any CPU
		{F930802F-193C-4388-820B-05AE90A1FB6A}.Debug|Any CPU.ActiveCfg = Debug|Any CPU
		{F930802F-193C-4388-820B-05AE90A1FB6A}.Debug|Any CPU.Build.0 = Debug|Any CPU
		{F930802F-193C-4388-820B-05AE90A1FB6A}.Release|Any CPU.ActiveCfg = Release|Any CPU
		{F930802F-193C-4388-820B-05AE90A1FB6A}.Release|Any CPU.Build.0 = Release|Any CPU
	EndGlobalSection
	GlobalSection(MonoDevelopProperties) = preSolution
		StartupItem = DnDns.Android\DnDns.Android.csproj
	EndGlobalSection
EndGlobal
